// !$*UTF8*$!
{
	archiveVersion = 1;
	classes = {
	};
	objectVersion = 55;
	objects = {

/* Begin PBXBuildFile section */
		DE99DE8F269352A900E36D1C /* KeychainAccess in Frameworks */ = {isa = PBXBuildFile; productRef = DE99DE8E269352A900E36D1C /* KeychainAccess */; };
		DE99DE9426935A6C00E36D1C /* KeychainManager.swift in Sources */ = {isa = PBXBuildFile; fileRef = DE99DE9326935A6C00E36D1C /* KeychainManager.swift */; };
		DE99DE9A2694ACB100E36D1C /* ResponseDateFormatter.swift in Sources */ = {isa = PBXBuildFile; fileRef = DE99DE992694ACB100E36D1C /* ResponseDateFormatter.swift */; };
		DE99DE9C2694ACF800E36D1C /* MainBanner.swift in Sources */ = {isa = PBXBuildFile; fileRef = DE99DE9B2694ACF800E36D1C /* MainBanner.swift */; };
		DE99DE9E2694AD5400E36D1C /* MainPhotoAPIResponse.swift in Sources */ = {isa = PBXBuildFile; fileRef = DE99DE9D2694AD5400E36D1C /* MainPhotoAPIResponse.swift */; };
		DE99DEA02695402800E36D1C /* FeaturedContents.swift in Sources */ = {isa = PBXBuildFile; fileRef = DE99DE9F2695402800E36D1C /* FeaturedContents.swift */; };
		DE99DED6269B423000E36D1C /* MainPhoto.swift in Sources */ = {isa = PBXBuildFile; fileRef = DE99DED5269B423000E36D1C /* MainPhoto.swift */; };
		DE99DEDB269B428F00E36D1C /* MainNews.swift in Sources */ = {isa = PBXBuildFile; fileRef = DE99DEDA269B428F00E36D1C /* MainNews.swift */; };
		DE99DEDE269C027B00E36D1C /* FeaturedContentsViewModel.swift in Sources */ = {isa = PBXBuildFile; fileRef = DE99DEDD269C027B00E36D1C /* FeaturedContentsViewModel.swift */; };
		DEAE7ED02685FDAA009ACBD9 /* SDWebImage in Frameworks */ = {isa = PBXBuildFile; productRef = DEAE7ECF2685FDAA009ACBD9 /* SDWebImage */; };
		DEAE7ED326860391009ACBD9 /* SQLite in Frameworks */ = {isa = PBXBuildFile; productRef = DEAE7ED226860391009ACBD9 /* SQLite */; };
		DEAE7EDA2686A0BE009ACBD9 /* CustomViewBase.swift in Sources */ = {isa = PBXBuildFile; fileRef = DEAE7ED92686A0BE009ACBD9 /* CustomViewBase.swift */; };
		DEAE7EDD2686A0FF009ACBD9 /* NSObjectProtocolExtension.swift in Sources */ = {isa = PBXBuildFile; fileRef = DEAE7EDC2686A0FF009ACBD9 /* NSObjectProtocolExtension.swift */; };
		DEAE7EDF2686A114009ACBD9 /* UIColorExtension.swift in Sources */ = {isa = PBXBuildFile; fileRef = DEAE7EDE2686A114009ACBD9 /* UIColorExtension.swift */; };
		DEAE7EE12686A12F009ACBD9 /* UICollectionViewExtension.swift in Sources */ = {isa = PBXBuildFile; fileRef = DEAE7EE02686A12F009ACBD9 /* UICollectionViewExtension.swift */; };
		DEAE7EE32686A145009ACBD9 /* UIViewControllerExtension.swift in Sources */ = {isa = PBXBuildFile; fileRef = DEAE7EE22686A145009ACBD9 /* UIViewControllerExtension.swift */; };
		DEAE7EE72686A218009ACBD9 /* GlobalTabBarController.swift in Sources */ = {isa = PBXBuildFile; fileRef = DEAE7EE62686A218009ACBD9 /* GlobalTabBarController.swift */; };
		DEAE7EEA2686A22D009ACBD9 /* GlobalTabBarController.storyboard in Resources */ = {isa = PBXBuildFile; fileRef = DEAE7EE82686A22D009ACBD9 /* GlobalTabBarController.storyboard */; };
		DEAE7EED268718F7009ACBD9 /* QuestionViewController.storyboard in Resources */ = {isa = PBXBuildFile; fileRef = DEAE7EEB268718F7009ACBD9 /* QuestionViewController.storyboard */; };
		DEAE7EEF26871917009ACBD9 /* QuestionViewController.swift in Sources */ = {isa = PBXBuildFile; fileRef = DEAE7EEE26871917009ACBD9 /* QuestionViewController.swift */; };
		DEAE7EF1268719EA009ACBD9 /* FeaturedViewController.swift in Sources */ = {isa = PBXBuildFile; fileRef = DEAE7EF0268719EA009ACBD9 /* FeaturedViewController.swift */; };
		DEAE7EF4268719FB009ACBD9 /* FeaturedViewController.storyboard in Resources */ = {isa = PBXBuildFile; fileRef = DEAE7EF2268719FB009ACBD9 /* FeaturedViewController.storyboard */; };
		DEAE7EF82688B1F1009ACBD9 /* ApiClientManager.swift in Sources */ = {isa = PBXBuildFile; fileRef = DEAE7EF72688B1F1009ACBD9 /* ApiClientManager.swift */; };
		DEB52A172684D160000C33A2 /* AppDelegate.swift in Sources */ = {isa = PBXBuildFile; fileRef = DEB52A162684D160000C33A2 /* AppDelegate.swift */; };
		DEB52A192684D160000C33A2 /* SceneDelegate.swift in Sources */ = {isa = PBXBuildFile; fileRef = DEB52A182684D160000C33A2 /* SceneDelegate.swift */; };
		DEB52A1B2684D160000C33A2 /* MainViewController.swift in Sources */ = {isa = PBXBuildFile; fileRef = DEB52A1A2684D160000C33A2 /* MainViewController.swift */; };
		DEB52A1E2684D160000C33A2 /* MainViewController.storyboard in Resources */ = {isa = PBXBuildFile; fileRef = DEB52A1C2684D160000C33A2 /* MainViewController.storyboard */; };
		DEB52A202684D162000C33A2 /* Assets.xcassets in Resources */ = {isa = PBXBuildFile; fileRef = DEB52A1F2684D162000C33A2 /* Assets.xcassets */; };
		DEB52A232684D162000C33A2 /* LaunchScreen.storyboard in Resources */ = {isa = PBXBuildFile; fileRef = DEB52A212684D162000C33A2 /* LaunchScreen.storyboard */; };
		DEB52A2E2684D162000C33A2 /* NewStyle15UIKitExampleTests.swift in Sources */ = {isa = PBXBuildFile; fileRef = DEB52A2D2684D162000C33A2 /* NewStyle15UIKitExampleTests.swift */; };
		DEB52A382684D162000C33A2 /* NewStyle15UIKitExampleUITests.swift in Sources */ = {isa = PBXBuildFile; fileRef = DEB52A372684D162000C33A2 /* NewStyle15UIKitExampleUITests.swift */; };
/* End PBXBuildFile section */

/* Begin PBXContainerItemProxy section */
		DEB52A2A2684D162000C33A2 /* PBXContainerItemProxy */ = {
			isa = PBXContainerItemProxy;
			containerPortal = DEB52A0B2684D160000C33A2 /* Project object */;
			proxyType = 1;
			remoteGlobalIDString = DEB52A122684D160000C33A2;
			remoteInfo = NewStyle15UIKitExample;
		};
		DEB52A342684D162000C33A2 /* PBXContainerItemProxy */ = {
			isa = PBXContainerItemProxy;
			containerPortal = DEB52A0B2684D160000C33A2 /* Project object */;
			proxyType = 1;
			remoteGlobalIDString = DEB52A122684D160000C33A2;
			remoteInfo = NewStyle15UIKitExample;
		};
/* End PBXContainerItemProxy section */

/* Begin PBXFileReference section */
		DE99DE9326935A6C00E36D1C /* KeychainManager.swift */ = {isa = PBXFileReference; lastKnownFileType = sourcecode.swift; path = KeychainManager.swift; sourceTree = "<group>"; };
		DE99DE992694ACB100E36D1C /* ResponseDateFormatter.swift */ = {isa = PBXFileReference; lastKnownFileType = sourcecode.swift; path = ResponseDateFormatter.swift; sourceTree = "<group>"; };
		DE99DE9B2694ACF800E36D1C /* MainBanner.swift */ = {isa = PBXFileReference; lastKnownFileType = sourcecode.swift; path = MainBanner.swift; sourceTree = "<group>"; };
		DE99DE9D2694AD5400E36D1C /* MainPhotoAPIResponse.swift */ = {isa = PBXFileReference; lastKnownFileType = sourcecode.swift; path = MainPhotoAPIResponse.swift; sourceTree = "<group>"; };
		DE99DE9F2695402800E36D1C /* FeaturedContents.swift */ = {isa = PBXFileReference; lastKnownFileType = sourcecode.swift; path = FeaturedContents.swift; sourceTree = "<group>"; };
		DE99DED5269B423000E36D1C /* MainPhoto.swift */ = {isa = PBXFileReference; lastKnownFileType = sourcecode.swift; path = MainPhoto.swift; sourceTree = "<group>"; };
		DE99DEDA269B428F00E36D1C /* MainNews.swift */ = {isa = PBXFileReference; lastKnownFileType = sourcecode.swift; path = MainNews.swift; sourceTree = "<group>"; };
		DE99DEDD269C027B00E36D1C /* FeaturedContentsViewModel.swift */ = {isa = PBXFileReference; lastKnownFileType = sourcecode.swift; path = FeaturedContentsViewModel.swift; sourceTree = "<group>"; };
		DEAE7ED92686A0BE009ACBD9 /* CustomViewBase.swift */ = {isa = PBXFileReference; lastKnownFileType = sourcecode.swift; path = CustomViewBase.swift; sourceTree = "<group>"; };
		DEAE7EDC2686A0FF009ACBD9 /* NSObjectProtocolExtension.swift */ = {isa = PBXFileReference; lastKnownFileType = sourcecode.swift; path = NSObjectProtocolExtension.swift; sourceTree = "<group>"; };
		DEAE7EDE2686A114009ACBD9 /* UIColorExtension.swift */ = {isa = PBXFileReference; lastKnownFileType = sourcecode.swift; path = UIColorExtension.swift; sourceTree = "<group>"; };
		DEAE7EE02686A12F009ACBD9 /* UICollectionViewExtension.swift */ = {isa = PBXFileReference; lastKnownFileType = sourcecode.swift; path = UICollectionViewExtension.swift; sourceTree = "<group>"; };
		DEAE7EE22686A145009ACBD9 /* UIViewControllerExtension.swift */ = {isa = PBXFileReference; lastKnownFileType = sourcecode.swift; path = UIViewControllerExtension.swift; sourceTree = "<group>"; };
		DEAE7EE62686A218009ACBD9 /* GlobalTabBarController.swift */ = {isa = PBXFileReference; lastKnownFileType = sourcecode.swift; path = GlobalTabBarController.swift; sourceTree = "<group>"; };
		DEAE7EE92686A22D009ACBD9 /* Base */ = {isa = PBXFileReference; lastKnownFileType = file.storyboard; name = Base; path = Base.lproj/GlobalTabBarController.storyboard; sourceTree = "<group>"; };
		DEAE7EEC268718F7009ACBD9 /* Base */ = {isa = PBXFileReference; lastKnownFileType = file.storyboard; name = Base; path = Base.lproj/QuestionViewController.storyboard; sourceTree = "<group>"; };
		DEAE7EEE26871917009ACBD9 /* QuestionViewController.swift */ = {isa = PBXFileReference; lastKnownFileType = sourcecode.swift; path = QuestionViewController.swift; sourceTree = "<group>"; };
		DEAE7EF0268719EA009ACBD9 /* FeaturedViewController.swift */ = {isa = PBXFileReference; lastKnownFileType = sourcecode.swift; path = FeaturedViewController.swift; sourceTree = "<group>"; };
		DEAE7EF3268719FB009ACBD9 /* Base */ = {isa = PBXFileReference; lastKnownFileType = file.storyboard; name = Base; path = Base.lproj/FeaturedViewController.storyboard; sourceTree = "<group>"; };
		DEAE7EF72688B1F1009ACBD9 /* ApiClientManager.swift */ = {isa = PBXFileReference; lastKnownFileType = sourcecode.swift; path = ApiClientManager.swift; sourceTree = "<group>"; };
		DEB52A132684D160000C33A2 /* NewStyle15UIKitExample.app */ = {isa = PBXFileReference; explicitFileType = wrapper.application; includeInIndex = 0; path = NewStyle15UIKitExample.app; sourceTree = BUILT_PRODUCTS_DIR; };
		DEB52A162684D160000C33A2 /* AppDelegate.swift */ = {isa = PBXFileReference; lastKnownFileType = sourcecode.swift; path = AppDelegate.swift; sourceTree = "<group>"; };
		DEB52A182684D160000C33A2 /* SceneDelegate.swift */ = {isa = PBXFileReference; lastKnownFileType = sourcecode.swift; path = SceneDelegate.swift; sourceTree = "<group>"; };
		DEB52A1A2684D160000C33A2 /* MainViewController.swift */ = {isa = PBXFileReference; lastKnownFileType = sourcecode.swift; path = MainViewController.swift; sourceTree = "<group>"; };
		DEB52A1D2684D160000C33A2 /* Base */ = {isa = PBXFileReference; lastKnownFileType = file.storyboard; name = Base; path = Base.lproj/MainViewController.storyboard; sourceTree = "<group>"; };
		DEB52A1F2684D162000C33A2 /* Assets.xcassets */ = {isa = PBXFileReference; lastKnownFileType = folder.assetcatalog; path = Assets.xcassets; sourceTree = "<group>"; };
		DEB52A222684D162000C33A2 /* Base */ = {isa = PBXFileReference; lastKnownFileType = file.storyboard; name = Base; path = Base.lproj/LaunchScreen.storyboard; sourceTree = "<group>"; };
		DEB52A242684D162000C33A2 /* Info.plist */ = {isa = PBXFileReference; lastKnownFileType = text.plist.xml; path = Info.plist; sourceTree = "<group>"; };
		DEB52A292684D162000C33A2 /* NewStyle15UIKitExampleTests.xctest */ = {isa = PBXFileReference; explicitFileType = wrapper.cfbundle; includeInIndex = 0; path = NewStyle15UIKitExampleTests.xctest; sourceTree = BUILT_PRODUCTS_DIR; };
		DEB52A2D2684D162000C33A2 /* NewStyle15UIKitExampleTests.swift */ = {isa = PBXFileReference; lastKnownFileType = sourcecode.swift; path = NewStyle15UIKitExampleTests.swift; sourceTree = "<group>"; };
		DEB52A332684D162000C33A2 /* NewStyle15UIKitExampleUITests.xctest */ = {isa = PBXFileReference; explicitFileType = wrapper.cfbundle; includeInIndex = 0; path = NewStyle15UIKitExampleUITests.xctest; sourceTree = BUILT_PRODUCTS_DIR; };
		DEB52A372684D162000C33A2 /* NewStyle15UIKitExampleUITests.swift */ = {isa = PBXFileReference; lastKnownFileType = sourcecode.swift; path = NewStyle15UIKitExampleUITests.swift; sourceTree = "<group>"; };
/* End PBXFileReference section */

/* Begin PBXFrameworksBuildPhase section */
		DEB52A102684D160000C33A2 /* Frameworks */ = {
			isa = PBXFrameworksBuildPhase;
			buildActionMask = 2147483647;
			files = (
				DEAE7ED326860391009ACBD9 /* SQLite in Frameworks */,
				DEAE7ED02685FDAA009ACBD9 /* SDWebImage in Frameworks */,
				DE99DE8F269352A900E36D1C /* KeychainAccess in Frameworks */,
			);
			runOnlyForDeploymentPostprocessing = 0;
		};
		DEB52A262684D162000C33A2 /* Frameworks */ = {
			isa = PBXFrameworksBuildPhase;
			buildActionMask = 2147483647;
			files = (
			);
			runOnlyForDeploymentPostprocessing = 0;
		};
		DEB52A302684D162000C33A2 /* Frameworks */ = {
			isa = PBXFrameworksBuildPhase;
			buildActionMask = 2147483647;
			files = (
			);
			runOnlyForDeploymentPostprocessing = 0;
		};
/* End PBXFrameworksBuildPhase section */

/* Begin PBXGroup section */
		DE99DE90269352E300E36D1C /* SQLiteManager */ = {
			isa = PBXGroup;
			children = (
			);
			path = SQLiteManager;
			sourceTree = "<group>";
		};
		DE99DE912693531200E36D1C /* KeychainManager */ = {
			isa = PBXGroup;
			children = (
				DE99DE9326935A6C00E36D1C /* KeychainManager.swift */,
			);
			path = KeychainManager;
			sourceTree = "<group>";
		};
		DE99DE922693533100E36D1C /* Infrastructure */ = {
			isa = PBXGroup;
			children = (
				DEAE7ED72686A060009ACBD9 /* ApiClientManager */,
				DE99DE912693531200E36D1C /* KeychainManager */,
				DE99DE90269352E300E36D1C /* SQLiteManager */,
			);
			path = Infrastructure;
			sourceTree = "<group>";
		};
		DE99DE952694ABAA00E36D1C /* ResponseDataTransfer */ = {
			isa = PBXGroup;
			children = (
				DE99DE9D2694AD5400E36D1C /* MainPhotoAPIResponse.swift */,
			);
			path = ResponseDataTransfer;
			sourceTree = "<group>";
		};
		DE99DE962694ABE500E36D1C /* Model */ = {
			isa = PBXGroup;
			children = (
				DE99DED9269B426900E36D1C /* Question */,
				DE99DED7269B425100E36D1C /* Main */,
				DE99DED8269B425B00E36D1C /* FeaturedContents */,
			);
			path = Model;
			sourceTree = "<group>";
		};
		DE99DE982694AC9400E36D1C /* Modules */ = {
			isa = PBXGroup;
			children = (
				DE99DE992694ACB100E36D1C /* ResponseDateFormatter.swift */,
			);
			path = Modules;
			sourceTree = "<group>";
		};
		DE99DED7269B425100E36D1C /* Main */ = {
			isa = PBXGroup;
			children = (
				DE99DE9B2694ACF800E36D1C /* MainBanner.swift */,
				DE99DEDA269B428F00E36D1C /* MainNews.swift */,
				DE99DED5269B423000E36D1C /* MainPhoto.swift */,
			);
			path = Main;
			sourceTree = "<group>";
		};
		DE99DED8269B425B00E36D1C /* FeaturedContents */ = {
			isa = PBXGroup;
			children = (
				DE99DE9F2695402800E36D1C /* FeaturedContents.swift */,
			);
			path = FeaturedContents;
			sourceTree = "<group>";
		};
		DE99DED9269B426900E36D1C /* Question */ = {
			isa = PBXGroup;
			children = (
			);
			path = Question;
			sourceTree = "<group>";
		};
		DE99DEDC269C024900E36D1C /* InternalJsonData */ = {
			isa = PBXGroup;
			children = (
			);
			path = InternalJsonData;
			sourceTree = "<group>";
		};
		DEAE7ED4268603A0009ACBD9 /* ViewModel */ = {
			isa = PBXGroup;
			children = (
				DE99DEDD269C027B00E36D1C /* FeaturedContentsViewModel.swift */,
			);
			path = ViewModel;
			sourceTree = "<group>";
		};
		DEAE7ED5268603D8009ACBD9 /* Storyboard */ = {
			isa = PBXGroup;
			children = (
				DEAE7EF2268719FB009ACBD9 /* FeaturedViewController.storyboard */,
				DEAE7EE82686A22D009ACBD9 /* GlobalTabBarController.storyboard */,
				DEB52A1C2684D160000C33A2 /* MainViewController.storyboard */,
				DEAE7EEB268718F7009ACBD9 /* QuestionViewController.storyboard */,
			);
			path = Storyboard;
			sourceTree = "<group>";
		};
		DEAE7ED6268603E4009ACBD9 /* View */ = {
			isa = PBXGroup;
			children = (
				DEAE7ED92686A0BE009ACBD9 /* CustomViewBase.swift */,
			);
			path = View;
			sourceTree = "<group>";
		};
		DEAE7ED72686A060009ACBD9 /* ApiClientManager */ = {
			isa = PBXGroup;
			children = (
				DEAE7EF72688B1F1009ACBD9 /* ApiClientManager.swift */,
			);
			path = ApiClientManager;
			sourceTree = "<group>";
		};
		DEAE7ED82686A06C009ACBD9 /* Extension */ = {
			isa = PBXGroup;
			children = (
				DEAE7EDC2686A0FF009ACBD9 /* NSObjectProtocolExtension.swift */,
				DEAE7EDE2686A114009ACBD9 /* UIColorExtension.swift */,
				DEAE7EE02686A12F009ACBD9 /* UICollectionViewExtension.swift */,
				DEAE7EE22686A145009ACBD9 /* UIViewControllerExtension.swift */,
			);
			path = Extension;
			sourceTree = "<group>";
		};
		DEAE7EDB2686A0E3009ACBD9 /* ViewController */ = {
			isa = PBXGroup;
			children = (
				DEAE7EF0268719EA009ACBD9 /* FeaturedViewController.swift */,
				DEAE7EE62686A218009ACBD9 /* GlobalTabBarController.swift */,
				DEB52A1A2684D160000C33A2 /* MainViewController.swift */,
				DEAE7EEE26871917009ACBD9 /* QuestionViewController.swift */,
			);
			path = ViewController;
			sourceTree = "<group>";
		};
		DEAE7EE42686A161009ACBD9 /* ViewObject */ = {
			isa = PBXGroup;
			children = (
			);
			path = ViewObject;
			sourceTree = "<group>";
		};
		DEB52A0A2684D160000C33A2 = {
			isa = PBXGroup;
			children = (
				DEB52A152684D160000C33A2 /* NewStyle15UIKitExample */,
				DEB52A2C2684D162000C33A2 /* NewStyle15UIKitExampleTests */,
				DEB52A362684D162000C33A2 /* NewStyle15UIKitExampleUITests */,
				DEB52A142684D160000C33A2 /* Products */,
			);
			sourceTree = "<group>";
		};
		DEB52A142684D160000C33A2 /* Products */ = {
			isa = PBXGroup;
			children = (
				DEB52A132684D160000C33A2 /* NewStyle15UIKitExample.app */,
				DEB52A292684D162000C33A2 /* NewStyle15UIKitExampleTests.xctest */,
				DEB52A332684D162000C33A2 /* NewStyle15UIKitExampleUITests.xctest */,
			);
			name = Products;
			sourceTree = "<group>";
		};
		DEB52A152684D160000C33A2 /* NewStyle15UIKitExample */ = {
			isa = PBXGroup;
			children = (
				DEB52A242684D162000C33A2 /* Info.plist */,
				DEB52A162684D160000C33A2 /* AppDelegate.swift */,
				DEB52A182684D160000C33A2 /* SceneDelegate.swift */,
				DEB52A1F2684D162000C33A2 /* Assets.xcassets */,
				DEB52A212684D162000C33A2 /* LaunchScreen.storyboard */,
				DEAE7ED82686A06C009ACBD9 /* Extension */,
				DE99DE922693533100E36D1C /* Infrastructure */,
				DE99DEDC269C024900E36D1C /* InternalJsonData */,
				DE99DE962694ABE500E36D1C /* Model */,
				DE99DE982694AC9400E36D1C /* Modules */,
				DE99DE952694ABAA00E36D1C /* ResponseDataTransfer */,
				DEAE7ED5268603D8009ACBD9 /* Storyboard */,
				DEAE7ED6268603E4009ACBD9 /* View */,
				DEAE7EDB2686A0E3009ACBD9 /* ViewController */,
				DEAE7ED4268603A0009ACBD9 /* ViewModel */,
				DEAE7EE42686A161009ACBD9 /* ViewObject */,
			);
			path = NewStyle15UIKitExample;
			sourceTree = "<group>";
		};
		DEB52A2C2684D162000C33A2 /* NewStyle15UIKitExampleTests */ = {
			isa = PBXGroup;
			children = (
				DEB52A2D2684D162000C33A2 /* NewStyle15UIKitExampleTests.swift */,
			);
			path = NewStyle15UIKitExampleTests;
			sourceTree = "<group>";
		};
		DEB52A362684D162000C33A2 /* NewStyle15UIKitExampleUITests */ = {
			isa = PBXGroup;
			children = (
				DEB52A372684D162000C33A2 /* NewStyle15UIKitExampleUITests.swift */,
			);
			path = NewStyle15UIKitExampleUITests;
			sourceTree = "<group>";
		};
/* End PBXGroup section */

/* Begin PBXNativeTarget section */
		DEB52A122684D160000C33A2 /* NewStyle15UIKitExample */ = {
			isa = PBXNativeTarget;
			buildConfigurationList = DEB52A3B2684D162000C33A2 /* Build configuration list for PBXNativeTarget "NewStyle15UIKitExample" */;
			buildPhases = (
				DEB52A0F2684D160000C33A2 /* Sources */,
				DEB52A102684D160000C33A2 /* Frameworks */,
				DEB52A112684D160000C33A2 /* Resources */,
			);
			buildRules = (
			);
			dependencies = (
			);
			name = NewStyle15UIKitExample;
			packageProductDependencies = (
				DEAE7ECF2685FDAA009ACBD9 /* SDWebImage */,
				DEAE7ED226860391009ACBD9 /* SQLite */,
				DE99DE8E269352A900E36D1C /* KeychainAccess */,
			);
			productName = NewStyle15UIKitExample;
			productReference = DEB52A132684D160000C33A2 /* NewStyle15UIKitExample.app */;
			productType = "com.apple.product-type.application";
		};
		DEB52A282684D162000C33A2 /* NewStyle15UIKitExampleTests */ = {
			isa = PBXNativeTarget;
			buildConfigurationList = DEB52A3E2684D162000C33A2 /* Build configuration list for PBXNativeTarget "NewStyle15UIKitExampleTests" */;
			buildPhases = (
				DEB52A252684D162000C33A2 /* Sources */,
				DEB52A262684D162000C33A2 /* Frameworks */,
				DEB52A272684D162000C33A2 /* Resources */,
			);
			buildRules = (
			);
			dependencies = (
				DEB52A2B2684D162000C33A2 /* PBXTargetDependency */,
			);
			name = NewStyle15UIKitExampleTests;
			productName = NewStyle15UIKitExampleTests;
			productReference = DEB52A292684D162000C33A2 /* NewStyle15UIKitExampleTests.xctest */;
			productType = "com.apple.product-type.bundle.unit-test";
		};
		DEB52A322684D162000C33A2 /* NewStyle15UIKitExampleUITests */ = {
			isa = PBXNativeTarget;
			buildConfigurationList = DEB52A412684D162000C33A2 /* Build configuration list for PBXNativeTarget "NewStyle15UIKitExampleUITests" */;
			buildPhases = (
				DEB52A2F2684D162000C33A2 /* Sources */,
				DEB52A302684D162000C33A2 /* Frameworks */,
				DEB52A312684D162000C33A2 /* Resources */,
			);
			buildRules = (
			);
			dependencies = (
				DEB52A352684D162000C33A2 /* PBXTargetDependency */,
			);
			name = NewStyle15UIKitExampleUITests;
			productName = NewStyle15UIKitExampleUITests;
			productReference = DEB52A332684D162000C33A2 /* NewStyle15UIKitExampleUITests.xctest */;
			productType = "com.apple.product-type.bundle.ui-testing";
		};
/* End PBXNativeTarget section */

/* Begin PBXProject section */
		DEB52A0B2684D160000C33A2 /* Project object */ = {
			isa = PBXProject;
			attributes = {
				BuildIndependentTargetsInParallel = 1;
				LastSwiftUpdateCheck = 1300;
				LastUpgradeCheck = 1300;
				TargetAttributes = {
					DEB52A122684D160000C33A2 = {
						CreatedOnToolsVersion = 13.0;
					};
					DEB52A282684D162000C33A2 = {
						CreatedOnToolsVersion = 13.0;
						TestTargetID = DEB52A122684D160000C33A2;
					};
					DEB52A322684D162000C33A2 = {
						CreatedOnToolsVersion = 13.0;
						TestTargetID = DEB52A122684D160000C33A2;
					};
				};
			};
			buildConfigurationList = DEB52A0E2684D160000C33A2 /* Build configuration list for PBXProject "NewStyle15UIKitExample" */;
			compatibilityVersion = "Xcode 13.0";
			developmentRegion = en;
			hasScannedForEncodings = 0;
			knownRegions = (
				en,
				Base,
			);
			mainGroup = DEB52A0A2684D160000C33A2;
			packageReferences = (
				DEAE7ECE2685FDAA009ACBD9 /* XCRemoteSwiftPackageReference "SDWebImage" */,
				DEAE7ED126860391009ACBD9 /* XCRemoteSwiftPackageReference "SQLite" */,
				DE99DE8D269352A900E36D1C /* XCRemoteSwiftPackageReference "KeychainAccess" */,
			);
			productRefGroup = DEB52A142684D160000C33A2 /* Products */;
			projectDirPath = "";
			projectRoot = "";
			targets = (
				DEB52A122684D160000C33A2 /* NewStyle15UIKitExample */,
				DEB52A282684D162000C33A2 /* NewStyle15UIKitExampleTests */,
				DEB52A322684D162000C33A2 /* NewStyle15UIKitExampleUITests */,
			);
		};
/* End PBXProject section */

/* Begin PBXResourcesBuildPhase section */
		DEB52A112684D160000C33A2 /* Resources */ = {
			isa = PBXResourcesBuildPhase;
			buildActionMask = 2147483647;
			files = (
				DEB52A232684D162000C33A2 /* LaunchScreen.storyboard in Resources */,
				DEB52A202684D162000C33A2 /* Assets.xcassets in Resources */,
				DEAE7EED268718F7009ACBD9 /* QuestionViewController.storyboard in Resources */,
				DEAE7EF4268719FB009ACBD9 /* FeaturedViewController.storyboard in Resources */,
				DEB52A1E2684D160000C33A2 /* MainViewController.storyboard in Resources */,
				DEAE7EEA2686A22D009ACBD9 /* GlobalTabBarController.storyboard in Resources */,
			);
			runOnlyForDeploymentPostprocessing = 0;
		};
		DEB52A272684D162000C33A2 /* Resources */ = {
			isa = PBXResourcesBuildPhase;
			buildActionMask = 2147483647;
			files = (
			);
			runOnlyForDeploymentPostprocessing = 0;
		};
		DEB52A312684D162000C33A2 /* Resources */ = {
			isa = PBXResourcesBuildPhase;
			buildActionMask = 2147483647;
			files = (
			);
			runOnlyForDeploymentPostprocessing = 0;
		};
/* End PBXResourcesBuildPhase section */

/* Begin PBXSourcesBuildPhase section */
		DEB52A0F2684D160000C33A2 /* Sources */ = {
			isa = PBXSourcesBuildPhase;
			buildActionMask = 2147483647;
			files = (
				DE99DEDE269C027B00E36D1C /* FeaturedContentsViewModel.swift in Sources */,
				DE99DE9426935A6C00E36D1C /* KeychainManager.swift in Sources */,
				DEAE7EE72686A218009ACBD9 /* GlobalTabBarController.swift in Sources */,
				DEAE7EDA2686A0BE009ACBD9 /* CustomViewBase.swift in Sources */,
				DEB52A1B2684D160000C33A2 /* MainViewController.swift in Sources */,
				DEAE7EF82688B1F1009ACBD9 /* ApiClientManager.swift in Sources */,
				DE99DE9C2694ACF800E36D1C /* MainBanner.swift in Sources */,
				DEAE7EE12686A12F009ACBD9 /* UICollectionViewExtension.swift in Sources */,
				DEAE7EF1268719EA009ACBD9 /* FeaturedViewController.swift in Sources */,
				DE99DEDB269B428F00E36D1C /* MainNews.swift in Sources */,
				DE99DE9A2694ACB100E36D1C /* ResponseDateFormatter.swift in Sources */,
				DEB52A172684D160000C33A2 /* AppDelegate.swift in Sources */,
				DE99DE9E2694AD5400E36D1C /* MainPhotoAPIResponse.swift in Sources */,
				DE99DED6269B423000E36D1C /* MainPhoto.swift in Sources */,
				DEAE7EEF26871917009ACBD9 /* QuestionViewController.swift in Sources */,
				DE99DEA02695402800E36D1C /* FeaturedContents.swift in Sources */,
				DEAE7EE32686A145009ACBD9 /* UIViewControllerExtension.swift in Sources */,
				DEB52A192684D160000C33A2 /* SceneDelegate.swift in Sources */,
				DEAE7EDD2686A0FF009ACBD9 /* NSObjectProtocolExtension.swift in Sources */,
				DEAE7EDF2686A114009ACBD9 /* UIColorExtension.swift in Sources */,
			);
			runOnlyForDeploymentPostprocessing = 0;
		};
		DEB52A252684D162000C33A2 /* Sources */ = {
			isa = PBXSourcesBuildPhase;
			buildActionMask = 2147483647;
			files = (
				DEB52A2E2684D162000C33A2 /* NewStyle15UIKitExampleTests.swift in Sources */,
			);
			runOnlyForDeploymentPostprocessing = 0;
		};
		DEB52A2F2684D162000C33A2 /* Sources */ = {
			isa = PBXSourcesBuildPhase;
			buildActionMask = 2147483647;
			files = (
				DEB52A382684D162000C33A2 /* NewStyle15UIKitExampleUITests.swift in Sources */,
			);
			runOnlyForDeploymentPostprocessing = 0;
		};
/* End PBXSourcesBuildPhase section */

/* Begin PBXTargetDependency section */
		DEB52A2B2684D162000C33A2 /* PBXTargetDependency */ = {
			isa = PBXTargetDependency;
			target = DEB52A122684D160000C33A2 /* NewStyle15UIKitExample */;
			targetProxy = DEB52A2A2684D162000C33A2 /* PBXContainerItemProxy */;
		};
		DEB52A352684D162000C33A2 /* PBXTargetDependency */ = {
			isa = PBXTargetDependency;
			target = DEB52A122684D160000C33A2 /* NewStyle15UIKitExample */;
			targetProxy = DEB52A342684D162000C33A2 /* PBXContainerItemProxy */;
		};
/* End PBXTargetDependency section */

/* Begin PBXVariantGroup section */
		DEAE7EE82686A22D009ACBD9 /* GlobalTabBarController.storyboard */ = {
			isa = PBXVariantGroup;
			children = (
				DEAE7EE92686A22D009ACBD9 /* Base */,
			);
			name = GlobalTabBarController.storyboard;
			sourceTree = "<group>";
		};
		DEAE7EEB268718F7009ACBD9 /* QuestionViewController.storyboard */ = {
			isa = PBXVariantGroup;
			children = (
				DEAE7EEC268718F7009ACBD9 /* Base */,
			);
			name = QuestionViewController.storyboard;
			sourceTree = "<group>";
		};
		DEAE7EF2268719FB009ACBD9 /* FeaturedViewController.storyboard */ = {
			isa = PBXVariantGroup;
			children = (
				DEAE7EF3268719FB009ACBD9 /* Base */,
			);
			name = FeaturedViewController.storyboard;
			sourceTree = "<group>";
		};
		DEB52A1C2684D160000C33A2 /* MainViewController.storyboard */ = {
			isa = PBXVariantGroup;
			children = (
				DEB52A1D2684D160000C33A2 /* Base */,
			);
			name = MainViewController.storyboard;
			sourceTree = "<group>";
		};
		DEB52A212684D162000C33A2 /* LaunchScreen.storyboard */ = {
			isa = PBXVariantGroup;
			children = (
				DEB52A222684D162000C33A2 /* Base */,
			);
			name = LaunchScreen.storyboard;
			sourceTree = "<group>";
		};
/* End PBXVariantGroup section */

/* Begin XCBuildConfiguration section */
		DEB52A392684D162000C33A2 /* Debug */ = {
			isa = XCBuildConfiguration;
			buildSettings = {
				ALWAYS_SEARCH_USER_PATHS = NO;
				CLANG_ANALYZER_NONNULL = YES;
				CLANG_ANALYZER_NUMBER_OBJECT_CONVERSION = YES_AGGRESSIVE;
				CLANG_CXX_LANGUAGE_STANDARD = "gnu++14";
				CLANG_CXX_LIBRARY = "libc++";
				CLANG_ENABLE_MODULES = YES;
				CLANG_ENABLE_OBJC_ARC = YES;
				CLANG_ENABLE_OBJC_WEAK = YES;
				CLANG_WARN_BLOCK_CAPTURE_AUTORELEASING = YES;
				CLANG_WARN_BOOL_CONVERSION = YES;
				CLANG_WARN_COMMA = YES;
				CLANG_WARN_CONSTANT_CONVERSION = YES;
				CLANG_WARN_DEPRECATED_OBJC_IMPLEMENTATIONS = YES;
				CLANG_WARN_DIRECT_OBJC_ISA_USAGE = YES_ERROR;
				CLANG_WARN_DOCUMENTATION_COMMENTS = YES;
				CLANG_WARN_EMPTY_BODY = YES;
				CLANG_WARN_ENUM_CONVERSION = YES;
				CLANG_WARN_INFINITE_RECURSION = YES;
				CLANG_WARN_INT_CONVERSION = YES;
				CLANG_WARN_NON_LITERAL_NULL_CONVERSION = YES;
				CLANG_WARN_OBJC_IMPLICIT_RETAIN_SELF = YES;
				CLANG_WARN_OBJC_LITERAL_CONVERSION = YES;
				CLANG_WARN_OBJC_ROOT_CLASS = YES_ERROR;
				CLANG_WARN_QUOTED_INCLUDE_IN_FRAMEWORK_HEADER = YES;
				CLANG_WARN_RANGE_LOOP_ANALYSIS = YES;
				CLANG_WARN_STRICT_PROTOTYPES = YES;
				CLANG_WARN_SUSPICIOUS_MOVE = YES;
				CLANG_WARN_UNGUARDED_AVAILABILITY = YES_AGGRESSIVE;
				CLANG_WARN_UNREACHABLE_CODE = YES;
				CLANG_WARN__DUPLICATE_METHOD_MATCH = YES;
				COPY_PHASE_STRIP = NO;
				DEBUG_INFORMATION_FORMAT = dwarf;
				ENABLE_STRICT_OBJC_MSGSEND = YES;
				ENABLE_TESTABILITY = YES;
				GCC_C_LANGUAGE_STANDARD = gnu11;
				GCC_DYNAMIC_NO_PIC = NO;
				GCC_NO_COMMON_BLOCKS = YES;
				GCC_OPTIMIZATION_LEVEL = 0;
				GCC_PREPROCESSOR_DEFINITIONS = (
					"DEBUG=1",
					"$(inherited)",
				);
				GCC_WARN_64_TO_32_BIT_CONVERSION = YES;
				GCC_WARN_ABOUT_RETURN_TYPE = YES_ERROR;
				GCC_WARN_UNDECLARED_SELECTOR = YES;
				GCC_WARN_UNINITIALIZED_AUTOS = YES_AGGRESSIVE;
				GCC_WARN_UNUSED_FUNCTION = YES;
				GCC_WARN_UNUSED_VARIABLE = YES;
				IPHONEOS_DEPLOYMENT_TARGET = 15.0;
				MTL_ENABLE_DEBUG_INFO = INCLUDE_SOURCE;
				MTL_FAST_MATH = YES;
				ONLY_ACTIVE_ARCH = YES;
				SDKROOT = iphoneos;
				SWIFT_ACTIVE_COMPILATION_CONDITIONS = DEBUG;
				SWIFT_OPTIMIZATION_LEVEL = "-Onone";
			};
			name = Debug;
		};
		DEB52A3A2684D162000C33A2 /* Release */ = {
			isa = XCBuildConfiguration;
			buildSettings = {
				ALWAYS_SEARCH_USER_PATHS = NO;
				CLANG_ANALYZER_NONNULL = YES;
				CLANG_ANALYZER_NUMBER_OBJECT_CONVERSION = YES_AGGRESSIVE;
				CLANG_CXX_LANGUAGE_STANDARD = "gnu++14";
				CLANG_CXX_LIBRARY = "libc++";
				CLANG_ENABLE_MODULES = YES;
				CLANG_ENABLE_OBJC_ARC = YES;
				CLANG_ENABLE_OBJC_WEAK = YES;
				CLANG_WARN_BLOCK_CAPTURE_AUTORELEASING = YES;
				CLANG_WARN_BOOL_CONVERSION = YES;
				CLANG_WARN_COMMA = YES;
				CLANG_WARN_CONSTANT_CONVERSION = YES;
				CLANG_WARN_DEPRECATED_OBJC_IMPLEMENTATIONS = YES;
				CLANG_WARN_DIRECT_OBJC_ISA_USAGE = YES_ERROR;
				CLANG_WARN_DOCUMENTATION_COMMENTS = YES;
				CLANG_WARN_EMPTY_BODY = YES;
				CLANG_WARN_ENUM_CONVERSION = YES;
				CLANG_WARN_INFINITE_RECURSION = YES;
				CLANG_WARN_INT_CONVERSION = YES;
				CLANG_WARN_NON_LITERAL_NULL_CONVERSION = YES;
				CLANG_WARN_OBJC_IMPLICIT_RETAIN_SELF = YES;
				CLANG_WARN_OBJC_LITERAL_CONVERSION = YES;
				CLANG_WARN_OBJC_ROOT_CLASS = YES_ERROR;
				CLANG_WARN_QUOTED_INCLUDE_IN_FRAMEWORK_HEADER = YES;
				CLANG_WARN_RANGE_LOOP_ANALYSIS = YES;
				CLANG_WARN_STRICT_PROTOTYPES = YES;
				CLANG_WARN_SUSPICIOUS_MOVE = YES;
				CLANG_WARN_UNGUARDED_AVAILABILITY = YES_AGGRESSIVE;
				CLANG_WARN_UNREACHABLE_CODE = YES;
				CLANG_WARN__DUPLICATE_METHOD_MATCH = YES;
				COPY_PHASE_STRIP = NO;
				DEBUG_INFORMATION_FORMAT = "dwarf-with-dsym";
				ENABLE_NS_ASSERTIONS = NO;
				ENABLE_STRICT_OBJC_MSGSEND = YES;
				GCC_C_LANGUAGE_STANDARD = gnu11;
				GCC_NO_COMMON_BLOCKS = YES;
				GCC_WARN_64_TO_32_BIT_CONVERSION = YES;
				GCC_WARN_ABOUT_RETURN_TYPE = YES_ERROR;
				GCC_WARN_UNDECLARED_SELECTOR = YES;
				GCC_WARN_UNINITIALIZED_AUTOS = YES_AGGRESSIVE;
				GCC_WARN_UNUSED_FUNCTION = YES;
				GCC_WARN_UNUSED_VARIABLE = YES;
				IPHONEOS_DEPLOYMENT_TARGET = 15.0;
				MTL_ENABLE_DEBUG_INFO = NO;
				MTL_FAST_MATH = YES;
				SDKROOT = iphoneos;
				SWIFT_COMPILATION_MODE = wholemodule;
				SWIFT_OPTIMIZATION_LEVEL = "-O";
				VALIDATE_PRODUCT = YES;
			};
			name = Release;
		};
		DEB52A3C2684D162000C33A2 /* Debug */ = {
			isa = XCBuildConfiguration;
			buildSettings = {
				ASSETCATALOG_COMPILER_APPICON_NAME = AppIcon;
				ASSETCATALOG_COMPILER_GLOBAL_ACCENT_COLOR_NAME = AccentColor;
				CODE_SIGN_STYLE = Automatic;
				CURRENT_PROJECT_VERSION = 1;
				DEVELOPMENT_TEAM = S5BF5553KY;
				GENERATE_INFOPLIST_FILE = YES;
				INFOPLIST_FILE = NewStyle15UIKitExample/Info.plist;
				INFOPLIST_KEY_CFBundleExecutable = NewStyle15UIKitExample;
				INFOPLIST_KEY_CFBundleName = NewStyle15UIKitExample;
				INFOPLIST_KEY_CFBundleVersion = 1;
				INFOPLIST_KEY_UIApplicationSupportsIndirectInputEvents = YES;
				INFOPLIST_KEY_UILaunchStoryboardName = LaunchScreen;
				INFOPLIST_KEY_UIMainStoryboardFile = GlobalTabBarController;
				INFOPLIST_KEY_UISupportedInterfaceOrientations_iPad = "UIInterfaceOrientationPortrait UIInterfaceOrientationPortraitUpsideDown UIInterfaceOrientationLandscapeLeft UIInterfaceOrientationLandscapeRight";
				INFOPLIST_KEY_UISupportedInterfaceOrientations_iPhone = "UIInterfaceOrientationPortrait UIInterfaceOrientationLandscapeLeft UIInterfaceOrientationLandscapeRight";
				LD_RUNPATH_SEARCH_PATHS = (
					"$(inherited)",
					"@executable_path/Frameworks",
				);
				MARKETING_VERSION = 1.0;
				PRODUCT_BUNDLE_IDENTIFIER = com.just1factory.NewStyle15UIKitExample;
				PRODUCT_NAME = "$(TARGET_NAME)";
				SWIFT_EMIT_LOC_STRINGS = YES;
				SWIFT_VERSION = 5.0;
				TARGETED_DEVICE_FAMILY = "1,2";
			};
			name = Debug;
		};
		DEB52A3D2684D162000C33A2 /* Release */ = {
			isa = XCBuildConfiguration;
			buildSettings = {
				ASSETCATALOG_COMPILER_APPICON_NAME = AppIcon;
				ASSETCATALOG_COMPILER_GLOBAL_ACCENT_COLOR_NAME = AccentColor;
				CODE_SIGN_STYLE = Automatic;
				CURRENT_PROJECT_VERSION = 1;
				DEVELOPMENT_TEAM = S5BF5553KY;
				GENERATE_INFOPLIST_FILE = YES;
				INFOPLIST_FILE = NewStyle15UIKitExample/Info.plist;
				INFOPLIST_KEY_CFBundleExecutable = NewStyle15UIKitExample;
				INFOPLIST_KEY_CFBundleName = NewStyle15UIKitExample;
				INFOPLIST_KEY_CFBundleVersion = 1;
				INFOPLIST_KEY_UIApplicationSupportsIndirectInputEvents = YES;
				INFOPLIST_KEY_UILaunchStoryboardName = LaunchScreen;
				INFOPLIST_KEY_UIMainStoryboardFile = GlobalTabBarController;
				INFOPLIST_KEY_UISupportedInterfaceOrientations_iPad = "UIInterfaceOrientationPortrait UIInterfaceOrientationPortraitUpsideDown UIInterfaceOrientationLandscapeLeft UIInterfaceOrientationLandscapeRight";
				INFOPLIST_KEY_UISupportedInterfaceOrientations_iPhone = "UIInterfaceOrientationPortrait UIInterfaceOrientationLandscapeLeft UIInterfaceOrientationLandscapeRight";
				LD_RUNPATH_SEARCH_PATHS = (
					"$(inherited)",
					"@executable_path/Frameworks",
				);
				MARKETING_VERSION = 1.0;
				PRODUCT_BUNDLE_IDENTIFIER = com.just1factory.NewStyle15UIKitExample;
				PRODUCT_NAME = "$(TARGET_NAME)";
				SWIFT_EMIT_LOC_STRINGS = YES;
				SWIFT_VERSION = 5.0;
				TARGETED_DEVICE_FAMILY = "1,2";
			};
			name = Release;
		};
		DEB52A3F2684D162000C33A2 /* Debug */ = {
			isa = XCBuildConfiguration;
			buildSettings = {
				ALWAYS_EMBED_SWIFT_STANDARD_LIBRARIES = YES;
				BUNDLE_LOADER = "$(TEST_HOST)";
				CODE_SIGN_STYLE = Automatic;
				CURRENT_PROJECT_VERSION = 1;
				DEVELOPMENT_TEAM = S5BF5553KY;
				GENERATE_INFOPLIST_FILE = YES;
				IPHONEOS_DEPLOYMENT_TARGET = 15.0;
				LD_RUNPATH_SEARCH_PATHS = (
					"$(inherited)",
					"@executable_path/Frameworks",
					"@loader_path/Frameworks",
				);
				MARKETING_VERSION = 1.0;
				PRODUCT_BUNDLE_IDENTIFIER = com.just1factory.NewStyle15UIKitExampleTests;
				PRODUCT_NAME = "$(TARGET_NAME)";
				SWIFT_EMIT_LOC_STRINGS = NO;
				SWIFT_VERSION = 5.0;
				TARGETED_DEVICE_FAMILY = "1,2";
				TEST_HOST = "$(BUILT_PRODUCTS_DIR)/NewStyle15UIKitExample.app/NewStyle15UIKitExample";
			};
			name = Debug;
		};
		DEB52A402684D162000C33A2 /* Release */ = {
			isa = XCBuildConfiguration;
			buildSettings = {
				ALWAYS_EMBED_SWIFT_STANDARD_LIBRARIES = YES;
				BUNDLE_LOADER = "$(TEST_HOST)";
				CODE_SIGN_STYLE = Automatic;
				CURRENT_PROJECT_VERSION = 1;
				DEVELOPMENT_TEAM = S5BF5553KY;
				GENERATE_INFOPLIST_FILE = YES;
				IPHONEOS_DEPLOYMENT_TARGET = 15.0;
				LD_RUNPATH_SEARCH_PATHS = (
					"$(inherited)",
					"@executable_path/Frameworks",
					"@loader_path/Frameworks",
				);
				MARKETING_VERSION = 1.0;
				PRODUCT_BUNDLE_IDENTIFIER = com.just1factory.NewStyle15UIKitExampleTests;
				PRODUCT_NAME = "$(TARGET_NAME)";
				SWIFT_EMIT_LOC_STRINGS = NO;
				SWIFT_VERSION = 5.0;
				TARGETED_DEVICE_FAMILY = "1,2";
				TEST_HOST = "$(BUILT_PRODUCTS_DIR)/NewStyle15UIKitExample.app/NewStyle15UIKitExample";
			};
			name = Release;
		};
		DEB52A422684D162000C33A2 /* Debug */ = {
			isa = XCBuildConfiguration;
			buildSettings = {
				ALWAYS_EMBED_SWIFT_STANDARD_LIBRARIES = YES;
				CODE_SIGN_STYLE = Automatic;
				CURRENT_PROJECT_VERSION = 1;
				DEVELOPMENT_TEAM = S5BF5553KY;
				GENERATE_INFOPLIST_FILE = YES;
				LD_RUNPATH_SEARCH_PATHS = (
					"$(inherited)",
					"@executable_path/Frameworks",
					"@loader_path/Frameworks",
				);
				MARKETING_VERSION = 1.0;
				PRODUCT_BUNDLE_IDENTIFIER = com.just1factory.NewStyle15UIKitExampleUITests;
				PRODUCT_NAME = "$(TARGET_NAME)";
				SWIFT_EMIT_LOC_STRINGS = NO;
				SWIFT_VERSION = 5.0;
				TARGETED_DEVICE_FAMILY = "1,2";
				TEST_TARGET_NAME = NewStyle15UIKitExample;
			};
			name = Debug;
		};
		DEB52A432684D162000C33A2 /* Release */ = {
			isa = XCBuildConfiguration;
			buildSettings = {
				ALWAYS_EMBED_SWIFT_STANDARD_LIBRARIES = YES;
				CODE_SIGN_STYLE = Automatic;
				CURRENT_PROJECT_VERSION = 1;
				DEVELOPMENT_TEAM = S5BF5553KY;
				GENERATE_INFOPLIST_FILE = YES;
				LD_RUNPATH_SEARCH_PATHS = (
					"$(inherited)",
					"@executable_path/Frameworks",
					"@loader_path/Frameworks",
				);
				MARKETING_VERSION = 1.0;
				PRODUCT_BUNDLE_IDENTIFIER = com.just1factory.NewStyle15UIKitExampleUITests;
				PRODUCT_NAME = "$(TARGET_NAME)";
				SWIFT_EMIT_LOC_STRINGS = NO;
				SWIFT_VERSION = 5.0;
				TARGETED_DEVICE_FAMILY = "1,2";
				TEST_TARGET_NAME = NewStyle15UIKitExample;
			};
			name = Release;
		};
/* End XCBuildConfiguration section */

/* Begin XCConfigurationList section */
		DEB52A0E2684D160000C33A2 /* Build configuration list for PBXProject "NewStyle15UIKitExample" */ = {
			isa = XCConfigurationList;
			buildConfigurations = (
				DEB52A392684D162000C33A2 /* Debug */,
				DEB52A3A2684D162000C33A2 /* Release */,
			);
			defaultConfigurationIsVisible = 0;
			defaultConfigurationName = Release;
		};
		DEB52A3B2684D162000C33A2 /* Build configuration list for PBXNativeTarget "NewStyle15UIKitExample" */ = {
			isa = XCConfigurationList;
			buildConfigurations = (
				DEB52A3C2684D162000C33A2 /* Debug */,
				DEB52A3D2684D162000C33A2 /* Release */,
			);
			defaultConfigurationIsVisible = 0;
			defaultConfigurationName = Release;
		};
		DEB52A3E2684D162000C33A2 /* Build configuration list for PBXNativeTarget "NewStyle15UIKitExampleTests" */ = {
			isa = XCConfigurationList;
			buildConfigurations = (
				DEB52A3F2684D162000C33A2 /* Debug */,
				DEB52A402684D162000C33A2 /* Release */,
			);
			defaultConfigurationIsVisible = 0;
			defaultConfigurationName = Release;
		};
		DEB52A412684D162000C33A2 /* Build configuration list for PBXNativeTarget "NewStyle15UIKitExampleUITests" */ = {
			isa = XCConfigurationList;
			buildConfigurations = (
				DEB52A422684D162000C33A2 /* Debug */,
				DEB52A432684D162000C33A2 /* Release */,
			);
			defaultConfigurationIsVisible = 0;
			defaultConfigurationName = Release;
		};
/* End XCConfigurationList section */

/* Begin XCRemoteSwiftPackageReference section */
		DE99DE8D269352A900E36D1C /* XCRemoteSwiftPackageReference "KeychainAccess" */ = {
			isa = XCRemoteSwiftPackageReference;
			repositoryURL = "https://github.com/kishikawakatsumi/KeychainAccess";
			requirement = {
				kind = upToNextMajorVersion;
				minimumVersion = 4.0.0;
			};
		};
		DEAE7ECE2685FDAA009ACBD9 /* XCRemoteSwiftPackageReference "SDWebImage" */ = {
			isa = XCRemoteSwiftPackageReference;
			repositoryURL = "https://github.com/SDWebImage/SDWebImage";
			requirement = {
				kind = upToNextMajorVersion;
				minimumVersion = 5.0.0;
			};
		};
		DEAE7ED126860391009ACBD9 /* XCRemoteSwiftPackageReference "SQLite" */ = {
			isa = XCRemoteSwiftPackageReference;
			repositoryURL = "https://github.com/stephencelis/SQLite.swift";
			requirement = {
				kind = upToNextMajorVersion;
				minimumVersion = 0.12.0;
			};
		};
/* End XCRemoteSwiftPackageReference section */

/* Begin XCSwiftPackageProductDependency section */
		DE99DE8E269352A900E36D1C /* KeychainAccess */ = {
			isa = XCSwiftPackageProductDependency;
			package = DE99DE8D269352A900E36D1C /* XCRemoteSwiftPackageReference "KeychainAccess" */;
			productName = KeychainAccess;
		};
		DEAE7ECF2685FDAA009ACBD9 /* SDWebImage */ = {
			isa = XCSwiftPackageProductDependency;
			package = DEAE7ECE2685FDAA009ACBD9 /* XCRemoteSwiftPackageReference "SDWebImage" */;
			productName = SDWebImage;
		};
		DEAE7ED226860391009ACBD9 /* SQLite */ = {
			isa = XCSwiftPackageProductDependency;
			package = DEAE7ED126860391009ACBD9 /* XCRemoteSwiftPackageReference "SQLite" */;
			productName = SQLite;
		};
/* End XCSwiftPackageProductDependency section */
	};
	rootObject = DEB52A0B2684D160000C33A2 /* Project object */;
}
